
Microsoft Visual Studio Solution File, Format Version 12.00
# Visual Studio Version 16
VisualStudioVersion = 16.0.30621.155
MinimumVisualStudioVersion = 10.0.40219.1
Project("{9A19103F-16F7-4668-BE54-9A1E7A4F7556}") = "DAL", "src\DAL\DAL.csproj", "{37453ADA-15D3-4F9E-80FF-DC6E4703A848}"
EndProject
Project("{9A19103F-16F7-4668-BE54-9A1E7A4F7556}") = "BLL", "src\BLL\BLL.csproj", "{D1061B0D-9A5E-4109-8194-6526AD18C2AF}"
EndProject
Project("{9A19103F-16F7-4668-BE54-9A1E7A4F7556}") = "BLTests", "BLTests\BLTests.csproj", "{74EEFA8D-6755-4E99-9FA4-0158CA4C37D0}"
EndProject
Project("{9A19103F-16F7-4668-BE54-9A1E7A4F7556}") = "DALTests", "DALTests\DALTests.csproj", "{140ADBAF-87F0-4915-95B8-91FF57185A8F}"
EndProject
Project("{9A19103F-16F7-4668-BE54-9A1E7A4F7556}") = "WebAPI", "src\WebAPI\WebAPI.csproj", "{1176D348-901B-4EA9-86A9-12DF55DC78F4}"
EndProject
Project("{9A19103F-16F7-4668-BE54-9A1E7A4F7556}") = "BlazorServerUI", "src\BlazorServerUI\BlazorServerUI.csproj", "{F3F8E130-7398-42F5-B253-9C81FC55AEF4}"
EndProject
Global
	GlobalSection(SolutionConfigurationPlatforms) = preSolution
		Debug|Any CPU = Debug|Any CPU
		Release|Any CPU = Release|Any CPU
	EndGlobalSection
	GlobalSection(ProjectConfigurationPlatforms) = postSolution
		{37453ADA-15D3-4F9E-80FF-DC6E4703A848}.Debug|Any CPU.ActiveCfg = Debug|Any CPU
		{37453ADA-15D3-4F9E-80FF-DC6E4703A848}.Debug|Any CPU.Build.0 = Debug|Any CPU
		{37453ADA-15D3-4F9E-80FF-DC6E4703A848}.Release|Any CPU.ActiveCfg = Release|Any CPU
		{37453ADA-15D3-4F9E-80FF-DC6E4703A848}.Release|Any CPU.Build.0 = Release|Any CPU
		{D1061B0D-9A5E-4109-8194-6526AD18C2AF}.Debug|Any CPU.ActiveCfg = Debug|Any CPU
		{D1061B0D-9A5E-4109-8194-6526AD18C2AF}.Debug|Any CPU.Build.0 = Debug|Any CPU
		{D1061B0D-9A5E-4109-8194-6526AD18C2AF}.Release|Any CPU.ActiveCfg = Release|Any CPU
		{D1061B0D-9A5E-4109-8194-6526AD18C2AF}.Release|Any CPU.Build.0 = Release|Any CPU
		{74EEFA8D-6755-4E99-9FA4-0158CA4C37D0}.Debug|Any CPU.ActiveCfg = Debug|Any CPU
		{74EEFA8D-6755-4E99-9FA4-0158CA4C37D0}.Debug|Any CPU.Build.0 = Debug|Any CPU
		{74EEFA8D-6755-4E99-9FA4-0158CA4C37D0}.Release|Any CPU.ActiveCfg = Release|Any CPU
		{74EEFA8D-6755-4E99-9FA4-0158CA4C37D0}.Release|Any CPU.Build.0 = Release|Any CPU
		{140ADBAF-87F0-4915-95B8-91FF57185A8F}.Debug|Any CPU.ActiveCfg = Debug|Any CPU
		{140ADBAF-87F0-4915-95B8-91FF57185A8F}.Debug|Any CPU.Build.0 = Debug|Any CPU
		{140ADBAF-87F0-4915-95B8-91FF57185A8F}.Release|Any CPU.ActiveCfg = Release|Any CPU
		{140ADBAF-87F0-4915-95B8-91FF57185A8F}.Release|Any CPU.Build.0 = Release|Any CPU
		{1176D348-901B-4EA9-86A9-12DF55DC78F4}.Debug|Any CPU.ActiveCfg = Debug|Any CPU
		{1176D348-901B-4EA9-86A9-12DF55DC78F4}.Debug|Any CPU.Build.0 = Debug|Any CPU
		{1176D348-901B-4EA9-86A9-12DF55DC78F4}.Release|Any CPU.ActiveCfg = Release|Any CPU
		{1176D348-901B-4EA9-86A9-12DF55DC78F4}.Release|Any CPU.Build.0 = Release|Any CPU
		{F3F8E130-7398-42F5-B253-9C81FC55AEF4}.Debug|Any CPU.ActiveCfg = Debug|Any CPU
		{F3F8E130-7398-42F5-B253-9C81FC55AEF4}.Debug|Any CPU.Build.0 = Debug|Any CPU
		{F3F8E130-7398-42F5-B253-9C81FC55AEF4}.Release|Any CPU.ActiveCfg = Release|Any CPU
		{F3F8E130-7398-42F5-B253-9C81FC55AEF4}.Release|Any CPU.Build.0 = Release|Any CPU
	EndGlobalSection
	GlobalSection(SolutionProperties) = preSolution
		HideSolutionNode = FALSE
	EndGlobalSection
	GlobalSection(ExtensibilityGlobals) = postSolution
		SolutionGuid = {D2034662-FDCF-4BC6-B0BF-EBDCC968325C}
	EndGlobalSection
EndGlobal
